
Microsoft Visual Studio Solution File, Format Version 12.00
# Visual Studio Version 16
VisualStudioVersion = 16.0.29613.14
MinimumVisualStudioVersion = 10.0.40219.1
Project("{9A19103F-16F7-4668-BE54-9A1E7A4F7556}") = "Noteorious", "Noteorious\Noteorious.csproj", "{D5E1FAEA-4220-4092-92A2-62F825CC03E2}"
EndProject
Global
	GlobalSection(SolutionConfigurationPlatforms) = preSolution
		Debug|Any CPU = Debug|Any CPU
		Debug|x86 = Debug|x86
		Release|Any CPU = Release|Any CPU
		Release|x86 = Release|x86
	EndGlobalSection
	GlobalSection(ProjectConfigurationPlatforms) = postSolution
		{D5E1FAEA-4220-4092-92A2-62F825CC03E2}.Debug|Any CPU.ActiveCfg = Release|Any CPU
		{D5E1FAEA-4220-4092-92A2-62F825CC03E2}.Debug|Any CPU.Build.0 = Release|Any CPU
		{D5E1FAEA-4220-4092-92A2-62F825CC03E2}.Debug|x86.ActiveCfg = Debug|Any CPU
		{D5E1FAEA-4220-4092-92A2-62F825CC03E2}.Debug|x86.Build.0 = Debug|Any CPU
		{D5E1FAEA-4220-4092-92A2-62F825CC03E2}.Release|Any CPU.ActiveCfg = Release|Any CPU
		{D5E1FAEA-4220-4092-92A2-62F825CC03E2}.Release|Any CPU.Build.0 = Release|Any CPU
		{D5E1FAEA-4220-4092-92A2-62F825CC03E2}.Release|x86.ActiveCfg = Release|x86
		{D5E1FAEA-4220-4092-92A2-62F825CC03E2}.Release|x86.Build.0 = Release|x86
	EndGlobalSection
	GlobalSection(SolutionProperties) = preSolution
		HideSolutionNode = FALSE
	EndGlobalSection
	GlobalSection(ExtensibilityGlobals) = postSolution
		SolutionGuid = {41C7BF90-139A-47A3-B496-47095EB8F96E}
	EndGlobalSection
EndGlobal
